
Microsoft Visual Studio Solution File, Format Version 12.00
# Visual Studio Version 17
VisualStudioVersion = 17.4.33205.214
MinimumVisualStudioVersion = 10.0.40219.1
Project("{FAE04EC0-301F-11D3-BF4B-00C04F79EFBC}") = "ControladorAviao", "ControladorAviao\ControladorAviao.csproj", "{67B2FDA8-E4DF-44EE-BDE6-C0CEB9023F6B}"
EndProject
Global
	GlobalSection(SolutionConfigurationPlatforms) = preSolution
		Debug|Any CPU = Debug|Any CPU
		Release|Any CPU = Release|Any CPU
	EndGlobalSection
	GlobalSection(ProjectConfigurationPlatforms) = postSolution
		{67B2FDA8-E4DF-44EE-BDE6-C0CEB9023F6B}.Debug|Any CPU.ActiveCfg = Debug|Any CPU
		{67B2FDA8-E4DF-44EE-BDE6-C0CEB9023F6B}.Debug|Any CPU.Build.0 = Debug|Any CPU
		{67B2FDA8-E4DF-44EE-BDE6-C0CEB9023F6B}.Release|Any CPU.ActiveCfg = Release|Any CPU
		{67B2FDA8-E4DF-44EE-BDE6-C0CEB9023F6B}.Release|Any CPU.Build.0 = Release|Any CPU
	EndGlobalSection
	GlobalSection(SolutionProperties) = preSolution
		HideSolutionNode = FALSE
	EndGlobalSection
	GlobalSection(ExtensibilityGlobals) = postSolution
		SolutionGuid = {55D18A6F-2C0E-4A10-861D-FF4C8F5A7005}
	EndGlobalSection
EndGlobal
